{
  "name": "@frxnklyn/git-manager",
  "version": "0.1.0",
  "lockfileVersion": 3,
  "requires": true,
  "packages": {
    "": {
      "name": "@frxnklyn/git-manager",
      "version": "0.1.0",
      "license": "MIT",
      "devDependencies": {
        "@frxnklyn/command-contracts": "file:../npm-command-contracts",
        "@frxnklyn/command-runner": "file:../Command-Runner",
        "@frxnklyn/directory-contracts": "file:../npm-directory-contracts",
        "@frxnklyn/file-manager": "file:../File-Manager",
        "typescript": "^5.9.3"
      },
      "peerDependencies": {
        "@frxnklyn/command-contracts": "github:Frxnklyn/npm-command-contracts",
        "@frxnklyn/command-runner": "github:Frxnklyn/Command-Runner",
        "@frxnklyn/directory-contracts": "github:Frxnklyn/npm-directory-contracts",
        "@frxnklyn/file-manager": "github:Frxnklyn/File-Manager"
      }
    },
    "../Command-Runner": {
      "name": "@frxnklyn/command-runner",
      "version": "0.1.0",
      "dev": true,
      "license": "MIT",
      "devDependencies": {
        "@frxnklyn/command-contracts": "file:../npm-command-contracts",
        "@types/node": "^24.9.1",
        "typescript": "^5.9.3"
      },
      "peerDependencies": {
        "@frxnklyn/command-contracts": "github:Frxnklyn/npm-command-contracts"
      }
    },
    "../File-Manager": {
      "name": "@frxnklyn/file-manager",
      "version": "0.1.0",
      "dev": true,
      "license": "ISC",
      "devDependencies": {
        "@frxnklyn/datatypes": "github:Frxnklyn/npm-datatypes",
        "@frxnklyn/directory-contracts": "github:Frxnklyn/npm-directory-contracts",
        "@types/node": "^24.9.1",
        "ts-node": "^10.9.2",
        "tsup": "^8.5.0",
        "typescript": "^5.9.3"
      },
      "peerDependencies": {
        "@frxnklyn/datatypes": "github:Frxnklyn/npm-datatypes",
        "@frxnklyn/directory-contracts": "github:Frxnklyn/npm-directory-contracts"
      }
    },
    "../npm-command-contracts": {
      "name": "@frxnklyn/command-contracts",
      "version": "0.1.0",
      "dev": true,
      "license": "MIT",
      "devDependencies": {
        "typescript": "^5.9.3"
      }
    },
    "../npm-directory-contracts": {
      "name": "@frxnklyn/directory-contracts",
      "version": "0.1.0",
      "dev": true,
      "license": "MIT",
      "dependencies": {
        "@frxnklyn/datatypes": "github:Frxnklyn/npm-datatypes"
      },
      "devDependencies": {
        "typescript": "^5.9.3"
      }
    },
    "node_modules/@frxnklyn/command-contracts": {
      "resolved": "../npm-command-contracts",
      "link": true
    },
    "node_modules/@frxnklyn/command-runner": {
      "resolved": "../Command-Runner",
      "link": true
    },
    "node_modules/@frxnklyn/directory-contracts": {
      "resolved": "../npm-directory-contracts",
      "link": true
    },
    "node_modules/@frxnklyn/file-manager": {
      "resolved": "../File-Manager",
      "link": true
    },
    "node_modules/typescript": {
      "version": "5.9.3",
      "resolved": "https://registry.npmjs.org/typescript/-/typescript-5.9.3.tgz",
      "integrity": "sha512-jl1vZzPDinLr9eUt3J/t7V6FgNEw9QjvBPdysz9KfQDD41fQrC2Y4vKQdiaUpFT4bXlb1RHhLpp8wtm6M5TgSw==",
      "dev": true,
      "license": "Apache-2.0",
      "bin": {
        "tsc": "bin/tsc",
        "tsserver": "bin/tsserver"
      },
      "engines": {
        "node": ">=14.17"
      }
    }
  }
}
